{
    "_readme": [
        "This file locks the dependencies of your project to a known state",
        "Read more about it at https://getcomposer.org/doc/01-basic-usage.md#installing-dependencies",
        "This file is @generated automatically"
    ],
    "content-hash": "6f7391ed2ef40777b6d3d05b1cc4d85a",
    "packages": [
        {
            "name": "jankx/admin",
            "version": "dev-master",
            "source": {
                "type": "git",
                "url": "https://github.com/jankx/admin.git",
                "reference": "7eff8e4fd8ff2ed3d87535a680250e8a0ac08d20"
            },
            "dist": {
                "type": "zip",
                "url": "https://api.github.com/repos/jankx/admin/zipball/7eff8e4fd8ff2ed3d87535a680250e8a0ac08d20",
                "reference": "7eff8e4fd8ff2ed3d87535a680250e8a0ac08d20",
                "shasum": ""
            },
            "type": "library",
            "autoload": {
                "psr-4": {
                    "Jankx\\Admin\\": "src/"
                }
            },
            "notification-url": "https://packagist.org/downloads/",
            "license": [
                "MIT"
            ],
            "authors": [
                {
                    "name": "Puleeno Nguyen",
                    "email": "puleeno@gmail.com"
                }
            ],
            "description": "The Jankx admin framework is a partial of Jankx theme framework",
            "time": "2019-08-17T04:31:36+00:00"
        },
        {
            "name": "jankx/asset",
            "version": "dev-master",
            "source": {
                "type": "git",
                "url": "https://github.com/jankx/asset.git",
                "reference": "4f43b09b0f47969b0f0a476716f5939bd92d34de"
            },
            "dist": {
                "type": "zip",
                "url": "https://api.github.com/repos/jankx/asset/zipball/4f43b09b0f47969b0f0a476716f5939bd92d34de",
                "reference": "4f43b09b0f47969b0f0a476716f5939bd92d34de",
                "shasum": ""
            },
            "type": "library",
            "autoload": {
                "psr-4": {
                    "Jankx\\Asset\\": "src/"
                },
                "files": [
                    "helpers.php"
                ]
            },
            "notification-url": "https://packagist.org/downloads/",
            "license": [
                "MIT"
            ],
            "authors": [
                {
                    "name": "Puleeno Nguyen",
                    "email": "puleeno@gmail.com"
                }
            ],
            "description": "Jankx Assets is used to manage CSS, JS, libraries with beautiful syntax",
            "time": "2019-12-31T02:31:58+00:00"
        },
        {
            "name": "jankx/core",
            "version": "dev-master",
            "source": {
                "type": "git",
                "url": "https://github.com/jankx/core.git",
                "reference": "60bdab173203ff38c316a06f36772fe846f238b3"
            },
            "dist": {
                "type": "zip",
                "url": "https://api.github.com/repos/jankx/core/zipball/60bdab173203ff38c316a06f36772fe846f238b3",
                "reference": "60bdab173203ff38c316a06f36772fe846f238b3",
                "shasum": ""
            },
            "require": {
                "jankx/admin": "dev-master",
                "jankx/asset": "dev-master",
                "jankx/data-type": "dev-master",
                "jankx/field": "dev-master",
                "jankx/human-number": "dev-master",
                "jankx/option": "dev-master",
                "jankx/template": "dev-master",
                "jankx/ui-framework": "dev-master"
            },
            "type": "library",
            "autoload": {
                "psr-4": {
                    "": "src/"
                },
                "files": [
                    "framework.php",
                    "helpers/array.php",
                    "helpers/wordpress.php",
                    "helpers/jankx.php"
                ]
            },
            "notification-url": "https://packagist.org/downloads/",
            "license": [
                "MIT"
            ],
            "authors": [
                {
                    "name": "Puleeno Nguyen",
                    "email": "puleeno@gmail.com"
                }
            ],
            "description": "This is the core of Jankx theme framework and is also usable on its own as embed framework",
            "time": "2019-12-26T16:56:33+00:00"
        },
        {
            "name": "jankx/data-type",
            "version": "dev-master",
            "source": {
                "type": "git",
                "url": "https://github.com/jankx/data-type.git",
                "reference": "6f7e12b203e73860bb25ae5fb0ad9fb94a8bc66d"
            },
            "dist": {
                "type": "zip",
                "url": "https://api.github.com/repos/jankx/data-type/zipball/6f7e12b203e73860bb25ae5fb0ad9fb94a8bc66d",
                "reference": "6f7e12b203e73860bb25ae5fb0ad9fb94a8bc66d",
                "shasum": ""
            },
            "require": {
                "jankx/field": "dev-master"
            },
            "type": "library",
            "autoload": {
                "psr-4": {
                    "Jankx\\DataType\\": "src/"
                }
            },
            "notification-url": "https://packagist.org/downloads/",
            "license": [
                "MIT"
            ],
            "authors": [
                {
                    "name": "Puleeno Nguyen",
                    "email": "puleeno@gmail.com"
                }
            ],
            "description": "WordPress data types such as: custom post type, taxonoxy, metas,etc",
            "time": "2019-07-15T04:58:51+00:00"
        },
        {
            "name": "jankx/field",
            "version": "dev-master",
            "source": {
                "type": "git",
                "url": "https://github.com/jankx/field.git",
                "reference": "0028ad5b271f7e1b0fa7bd7251a4efde92c6a936"
            },
            "dist": {
                "type": "zip",
                "url": "https://api.github.com/repos/jankx/field/zipball/0028ad5b271f7e1b0fa7bd7251a4efde92c6a936",
                "reference": "0028ad5b271f7e1b0fa7bd7251a4efde92c6a936",
                "shasum": ""
            },
            "type": "library",
            "autoload": {
                "psr-4": {
                    "Jankx\\Fields\\": "src/"
                }
            },
            "notification-url": "https://packagist.org/downloads/",
            "license": [
                "MIT"
            ],
            "authors": [
                {
                    "name": "Puleeno Nguyen",
                    "email": "puleeno@gmail.com"
                }
            ],
            "description": "Jankx Fields is a simple framework used to create meta box, settings, form, etc",
            "time": "2019-07-15T04:42:51+00:00"
        },
        {
            "name": "jankx/human-number",
            "version": "dev-master",
            "source": {
                "type": "git",
                "url": "https://github.com/jankx/human-number.git",
                "reference": "9ea36f817f2c4c10a088a74a48ce31b2cda5bca7"
            },
            "dist": {
                "type": "zip",
                "url": "https://api.github.com/repos/jankx/human-number/zipball/9ea36f817f2c4c10a088a74a48ce31b2cda5bca7",
                "reference": "9ea36f817f2c4c10a088a74a48ce31b2cda5bca7",
                "shasum": ""
            },
            "type": "library",
            "autoload": {
                "psr-4": {
                    "Jankx\\HumanNumber\\": "src/"
                },
                "files": [
                    "helpers.php"
                ]
            },
            "notification-url": "https://packagist.org/downloads/",
            "license": [
                "MIT"
            ],
            "authors": [
                {
                    "name": "Puleeno Nguyen",
                    "email": "puleeno@gmail.com"
                }
            ],
            "description": "Friendly number for human can read easiler.",
            "time": "2019-10-25T18:15:32+00:00"
        },
        {
            "name": "jankx/option",
            "version": "dev-master",
            "source": {
                "type": "git",
                "url": "https://github.com/jankx/option.git",
                "reference": "35772d23a6acede520260d86bbb6e6c726dfe7e2"
            },
            "dist": {
                "type": "zip",
                "url": "https://api.github.com/repos/jankx/option/zipball/35772d23a6acede520260d86bbb6e6c726dfe7e2",
                "reference": "35772d23a6acede520260d86bbb6e6c726dfe7e2",
                "shasum": ""
            },
            "type": "library",
            "autoload": {
                "psr-4": {
                    "Jankx\\Option\\": "src/"
                }
            },
            "notification-url": "https://packagist.org/downloads/",
            "license": [
                "MIT"
            ],
            "authors": [
                {
                    "name": "Puleeno Nguyen",
                    "email": "puleeno@gmail.com"
                }
            ],
            "description": "Jankx options usable to create the theme, add-on options integrate with your loved option frameworks",
            "time": "2019-10-26T03:24:13+00:00"
        },
        {
            "name": "jankx/template",
            "version": "dev-master",
            "source": {
                "type": "git",
                "url": "https://github.com/jankx/template.git",
                "reference": "a43144a75e0ad13375adcc82014fe555c11d14f4"
            },
            "dist": {
                "type": "zip",
                "url": "https://api.github.com/repos/jankx/template/zipball/a43144a75e0ad13375adcc82014fe555c11d14f4",
                "reference": "a43144a75e0ad13375adcc82014fe555c11d14f4",
                "shasum": ""
            },
            "require": {
                "jankx/ui-framework": "dev-master"
            },
            "type": "library",
            "autoload": {
                "psr-4": {
                    "Jankx\\Template\\": "src/"
                }
            },
            "notification-url": "https://packagist.org/downloads/",
            "license": [
                "MIT"
            ],
            "authors": [
                {
                    "name": "Puleeno Nguyen",
                    "email": "puleeno@gmail.com"
                }
            ],
            "description": "Jankx template manager usable to load template with support override, caching",
            "time": "2020-01-04T12:20:32+00:00"
        },
        {
            "name": "jankx/ui-framework",
            "version": "dev-master",
            "source": {
                "type": "git",
                "url": "https://github.com/jankx/ui-framework.git",
                "reference": "f350f85fd2478d45be8e59c343007c0d36ef5359"
            },
            "dist": {
                "type": "zip",
                "url": "https://api.github.com/repos/jankx/ui-framework/zipball/f350f85fd2478d45be8e59c343007c0d36ef5359",
                "reference": "f350f85fd2478d45be8e59c343007c0d36ef5359",
                "shasum": ""
            },
            "type": "library",
            "autoload": {
                "psr-4": {
                    "Jankx\\UI\\": "src/"
                }
            },
            "notification-url": "https://packagist.org/downloads/",
            "license": [
                "MIT"
            ],
            "authors": [
                {
                    "name": "Puleeno Nguyen",
                    "email": "puleeno@gmail.com"
                }
            ],
            "description": "Jankx UI framework integrate with popular CSS frameworks",
            "time": "2020-01-02T12:57:13+00:00"
        }
    ],
    "packages-dev": [],
    "aliases": [],
    "minimum-stability": "dev",
    "stability-flags": {
        "jankx/core": 20
    },
    "prefer-stable": false,
    "prefer-lowest": false,
    "platform": [],
    "platform-dev": []
}
